
Microsoft Visual Studio Solution File, Format Version 12.00
# Visual Studio 2015
Project("{FAE04EC0-301F-11D3-BF4B-00C04F79EFBC}") = "RuntimeLighting", "RuntimeLighting.csproj", "{7D36EFAD-8E26-5CB2-1A7E-ACAD847301AF}"
EndProject
Project("{FAE04EC0-301F-11D3-BF4B-00C04F79EFBC}") = "RuntimeLighting.Editor", "RuntimeLighting.Editor.csproj", "{FDC854A8-E32A-8548-0C5F-8529F8043C73}"
EndProject
Global
	GlobalSection(SolutionConfigurationPlatforms) = preSolution
		Debug|Any CPU = Debug|Any CPU
		Release|Any CPU = Release|Any CPU
	EndGlobalSection
	GlobalSection(ProjectConfigurationPlatforms) = postSolution
		{7D36EFAD-8E26-5CB2-1A7E-ACAD847301AF}.Debug|Any CPU.ActiveCfg = Debug|Any CPU
		{7D36EFAD-8E26-5CB2-1A7E-ACAD847301AF}.Debug|Any CPU.Build.0 = Debug|Any CPU
		{7D36EFAD-8E26-5CB2-1A7E-ACAD847301AF}.Release|Any CPU.ActiveCfg = Release|Any CPU
		{7D36EFAD-8E26-5CB2-1A7E-ACAD847301AF}.Release|Any CPU.Build.0 = Release|Any CPU
		{FDC854A8-E32A-8548-0C5F-8529F8043C73}.Debug|Any CPU.ActiveCfg = Debug|Any CPU
		{FDC854A8-E32A-8548-0C5F-8529F8043C73}.Debug|Any CPU.Build.0 = Debug|Any CPU
		{FDC854A8-E32A-8548-0C5F-8529F8043C73}.Release|Any CPU.ActiveCfg = Release|Any CPU
		{FDC854A8-E32A-8548-0C5F-8529F8043C73}.Release|Any CPU.Build.0 = Release|Any CPU
	EndGlobalSection
	GlobalSection(SolutionProperties) = preSolution
		HideSolutionNode = FALSE
	EndGlobalSection
EndGlobal
